
Microsoft Visual Studio Solution File, Format Version 12.00
# Visual Studio 15
VisualStudioVersion = 15.0.26430.14
MinimumVisualStudioVersion = 10.0.40219.1
Project("{FAE04EC0-301F-11D3-BF4B-00C04F79EFBC}") = "FYP_Start_V2", "FYP_Start_V2\FYP_Start_V2.csproj", "{EF13F6AE-3387-43BC-9AE7-B3F94497D9D4}"
EndProject
Global
	GlobalSection(SolutionConfigurationPlatforms) = preSolution
		Debug|Any CPU = Debug|Any CPU
		Release|Any CPU = Release|Any CPU
	EndGlobalSection
	GlobalSection(ProjectConfigurationPlatforms) = postSolution
		{EF13F6AE-3387-43BC-9AE7-B3F94497D9D4}.Debug|Any CPU.ActiveCfg = Debug|Any CPU
		{EF13F6AE-3387-43BC-9AE7-B3F94497D9D4}.Debug|Any CPU.Build.0 = Debug|Any CPU
		{EF13F6AE-3387-43BC-9AE7-B3F94497D9D4}.Release|Any CPU.ActiveCfg = Release|Any CPU
		{EF13F6AE-3387-43BC-9AE7-B3F94497D9D4}.Release|Any CPU.Build.0 = Release|Any CPU
	EndGlobalSection
	GlobalSection(SolutionProperties) = preSolution
		HideSolutionNode = FALSE
	EndGlobalSection
EndGlobal
